
Microsoft Visual Studio Solution File, Format Version 12.00
# Visual Studio Version 17
VisualStudioVersion = 17.11.35219.272
MinimumVisualStudioVersion = 10.0.40219.1
Project("{FAE04EC0-301F-11D3-BF4B-00C04F79EFBC}") = "FoodApp.Domain", "FoodApp.Domain\FoodApp.Domain.csproj", "{2C0A229D-FD8C-4926-80A6-D354E8F433E8}"
EndProject
Global
	GlobalSection(SolutionConfigurationPlatforms) = preSolution
		Debug|Any CPU = Debug|Any CPU
		Release|Any CPU = Release|Any CPU
	EndGlobalSection
	GlobalSection(ProjectConfigurationPlatforms) = postSolution
		{2C0A229D-FD8C-4926-80A6-D354E8F433E8}.Debug|Any CPU.ActiveCfg = Debug|Any CPU
		{2C0A229D-FD8C-4926-80A6-D354E8F433E8}.Debug|Any CPU.Build.0 = Debug|Any CPU
		{2C0A229D-FD8C-4926-80A6-D354E8F433E8}.Release|Any CPU.ActiveCfg = Release|Any CPU
		{2C0A229D-FD8C-4926-80A6-D354E8F433E8}.Release|Any CPU.Build.0 = Release|Any CPU
	EndGlobalSection
	GlobalSection(SolutionProperties) = preSolution
		HideSolutionNode = FALSE
	EndGlobalSection
	GlobalSection(ExtensibilityGlobals) = postSolution
		SolutionGuid = {3BD753FC-579C-475A-A79F-CFB7270DE7BC}
	EndGlobalSection
EndGlobal
